{
  "name": "loading-init",
  "version": "0.0.0",
  "lockfileVersion": 1,
  "requires": true,
  "dependencies": {
    "algolia": {
      "version": "0.0.0",
      "resolved": "https://registry.npmjs.org/algolia/-/algolia-0.0.0.tgz",
      "integrity": "sha1-gqR5JkAjkmvOJJ0l8lY92fr42I4="
    },
    "csv-stringify": {
      "version": "5.3.0",
      "resolved": "https://registry.npmjs.org/csv-stringify/-/csv-stringify-5.3.0.tgz",
      "integrity": "sha512-VMYPbE8zWz475smwqb9VbX9cj0y4J0PBl59UdcqzLkzXHZZ8dh4Rmbb0ZywsWEtUml4A96Hn7Q5MW9ppVghYzg==",
      "requires": {
        "lodash.get": "~4.4.2"
      }
    },
    "lodash.get": {
      "version": "4.4.2",
      "resolved": "https://registry.npmjs.org/lodash.get/-/lodash.get-4.4.2.tgz",
      "integrity": "sha1-LRd/ZS+jHpObRDjVNBSZ36OCXpk="
    },
    "node-fetch": {
      "version": "2.3.0",
      "resolved": "https://registry.npmjs.org/node-fetch/-/node-fetch-2.3.0.tgz",
      "integrity": "sha512-MOd8pV3fxENbryESLgVIeaGKrdl+uaYhCSSVkjeOb/31/njTpcis5aWfdqgNlHIrKOLRbMnfPINPOML2CIFeXA=="
    },
    "slugify": {
      "version": "1.3.4",
      "resolved": "https://registry.npmjs.org/slugify/-/slugify-1.3.4.tgz",
      "integrity": "sha512-KP0ZYk5hJNBS8/eIjGkFDCzGQIoZ1mnfQRYS5WM3273z+fxGWXeN0fkwf2ebEweydv9tioZIHGZKoF21U07/nw=="
    }
  }
}
